<?xml version="1.0" encoding="utf-8"?>
<Project ToolsVersion="4.0" xmlns="http://schemas.microsoft.com/developer/msbuild/2003">
  <ItemGroup>
    <ClCompile Include="main.cpp" />
    <ClCompile Include="topk\topk.cpp">
      <Filter>topk</Filter>
    </ClCompile>
    <ClCompile Include="module_log\log_controller.cpp">
      <Filter>module_log</Filter>
    </ClCompile>
    <ClCompile Include="module_log\log_stream.cpp">
      <Filter>module_log</Filter>
    </ClCompile>
    <ClCompile Include="signal\signal.cpp">
      <Filter>signal</Filter>
    </ClCompile>
    <ClCompile Include="fixpoint\vfactor.cpp">
      <Filter>fixpoint</Filter>
    </ClCompile>
    <ClCompile Include="mprotect\mprotect.cpp">
      <Filter>mprotect</Filter>
    </ClCompile>
    <ClCompile Include="fixpoint\FixedPointFloat.cpp">
      <Filter>fixpoint</Filter>
    </ClCompile>
  </ItemGroup>
  <ItemGroup>
    <ClInclude Include="topk\topk.h">
      <Filter>topk</Filter>
    </ClInclude>
    <ClInclude Include="argp_parse\argp_parse.h">
      <Filter>argp_parse</Filter>
    </ClInclude>
    <ClInclude Include="module_log\log_stream.h">
      <Filter>module_log</Filter>
    </ClInclude>
    <ClInclude Include="module_log\log_controller.h">
      <Filter>module_log</Filter>
    </ClInclude>
    <ClInclude Include="signal\signal.h">
      <Filter>signal</Filter>
    </ClInclude>
    <ClInclude Include="fixpoint\vfactor.h">
      <Filter>fixpoint</Filter>
    </ClInclude>
    <ClInclude Include="mprotect\mprotect.h">
      <Filter>mprotect</Filter>
    </ClInclude>
    <ClInclude Include="protable\linux_portable.h">
      <Filter>protable</Filter>
    </ClInclude>
    <ClInclude Include="protable\portable.h">
      <Filter>protable</Filter>
    </ClInclude>
    <ClInclude Include="protable\win_portable.h">
      <Filter>protable</Filter>
    </ClInclude>
    <ClInclude Include="fixpoint\FixedPointFloat.h">
      <Filter>fixpoint</Filter>
    </ClInclude>
  </ItemGroup>
  <ItemGroup>
    <Text Include="CMakeLists.txt" />
  </ItemGroup>
  <ItemGroup>
    <Filter Include="topk">
      <UniqueIdentifier>{bbda4e0c-09c1-4376-a2bc-23b4c1a95685}</UniqueIdentifier>
    </Filter>
    <Filter Include="argp_parse">
      <UniqueIdentifier>{1b06284f-10ca-4a87-a943-f30fa7943f75}</UniqueIdentifier>
    </Filter>
    <Filter Include="module_log">
      <UniqueIdentifier>{9810178a-b0c2-4ee8-96ea-93386bab5100}</UniqueIdentifier>
    </Filter>
    <Filter Include="signal">
      <UniqueIdentifier>{47c39076-0d11-45d5-a12c-61169bb47e30}</UniqueIdentifier>
    </Filter>
    <Filter Include="fixpoint">
      <UniqueIdentifier>{40594004-1715-4d83-aaf1-a29ec6fd3a8f}</UniqueIdentifier>
    </Filter>
    <Filter Include="mprotect">
      <UniqueIdentifier>{f8fe3312-9e44-4ab1-ae76-1a43d3bde14f}</UniqueIdentifier>
    </Filter>
    <Filter Include="protable">
      <UniqueIdentifier>{bc59c394-8afd-4467-b30f-c0803b83e2f6}</UniqueIdentifier>
    </Filter>
  </ItemGroup>
</Project>